
Microsoft Visual Studio Solution File, Format Version 12.00
# Visual Studio 15
VisualStudioVersion = 15.0.26730.12
MinimumVisualStudioVersion = 10.0.40219.1
Project("{FAE04EC0-301F-11D3-BF4B-00C04F79EFBC}") = "MarkServer", "MarkServer\MarkServer.csproj", "{1E74F8AE-DE76-4C25-8F37-24C35F8769A2}"
EndProject
Project("{FAE04EC0-301F-11D3-BF4B-00C04F79EFBC}") = "GLibrary.Windows", "GLibrary.Windows\GLibrary.Windows.csproj", "{C8B65D9C-7F35-4A5B-91FE-D5A21589E9A3}"
EndProject
Project("{FAE04EC0-301F-11D3-BF4B-00C04F79EFBC}") = "ConsoleClientTest", "ConsoleClientTest\ConsoleClientTest.csproj", "{B705CC40-F867-41B5-976F-C6721D9EA84E}"
EndProject
Project("{FAE04EC0-301F-11D3-BF4B-00C04F79EFBC}") = "MarkClient", "MarkClient\MarkClient.csproj", "{0CF676D3-8FDE-4ECB-B751-76BEF409CDF3}"
EndProject
Project("{9A19103F-16F7-4668-BE54-9A1E7A4F7556}") = "DataModelStandard", "DataModelStandard\DataModelStandard.csproj", "{68868491-D48A-43A2-BF51-5A99B5295FE6}"
EndProject
Project("{FAE04EC0-301F-11D3-BF4B-00C04F79EFBC}") = "GLibrary.Device", "GLibrary.Device\GLibrary.Device.csproj", "{34BA16A9-700E-489F-A9BC-F4A9EEACF4E2}"
EndProject
Project("{FAE04EC0-301F-11D3-BF4B-00C04F79EFBC}") = "XField", "XField\XField.csproj", "{0DF10E99-7DF5-416D-BDE8-F491874FC488}"
EndProject
Project("{FAE04EC0-301F-11D3-BF4B-00C04F79EFBC}") = "MarkWeb", "MarkWeb\MarkWeb.csproj", "{E1677335-7697-475C-9A17-3CBF4E74BC38}"
EndProject
Project("{FAE04EC0-301F-11D3-BF4B-00C04F79EFBC}") = "MarkDbModel", "MarkDbModel\MarkDbModel.csproj", "{038A8389-6114-42FD-8494-AF7CF55C6D2E}"
EndProject
Project("{FAE04EC0-301F-11D3-BF4B-00C04F79EFBC}") = "MarkHost", "MarkHost\MarkHost.csproj", "{AA5215B0-98CE-4DF0-8184-677E92827D28}"
EndProject
Project("{FAE04EC0-301F-11D3-BF4B-00C04F79EFBC}") = "ConsoleServerTest", "ConsoleServerTest\ConsoleServerTest.csproj", "{B25C517D-BD43-4D17-9A77-251238556C1C}"
EndProject
Global
	GlobalSection(SolutionConfigurationPlatforms) = preSolution
		Debug|Any CPU = Debug|Any CPU
		Debug|ARM = Debug|ARM
		Debug|x64 = Debug|x64
		Debug|x86 = Debug|x86
		Release|Any CPU = Release|Any CPU
		Release|ARM = Release|ARM
		Release|x64 = Release|x64
		Release|x86 = Release|x86
	EndGlobalSection
	GlobalSection(ProjectConfigurationPlatforms) = postSolution
		{1E74F8AE-DE76-4C25-8F37-24C35F8769A2}.Debug|Any CPU.ActiveCfg = Debug|Any CPU
		{1E74F8AE-DE76-4C25-8F37-24C35F8769A2}.Debug|Any CPU.Build.0 = Debug|Any CPU
		{1E74F8AE-DE76-4C25-8F37-24C35F8769A2}.Debug|ARM.ActiveCfg = Debug|Any CPU
		{1E74F8AE-DE76-4C25-8F37-24C35F8769A2}.Debug|ARM.Build.0 = Debug|Any CPU
		{1E74F8AE-DE76-4C25-8F37-24C35F8769A2}.Debug|x64.ActiveCfg = Debug|Any CPU
		{1E74F8AE-DE76-4C25-8F37-24C35F8769A2}.Debug|x64.Build.0 = Debug|Any CPU
		{1E74F8AE-DE76-4C25-8F37-24C35F8769A2}.Debug|x86.ActiveCfg = Debug|Any CPU
		{1E74F8AE-DE76-4C25-8F37-24C35F8769A2}.Debug|x86.Build.0 = Debug|Any CPU
		{1E74F8AE-DE76-4C25-8F37-24C35F8769A2}.Release|Any CPU.ActiveCfg = Release|Any CPU
		{1E74F8AE-DE76-4C25-8F37-24C35F8769A2}.Release|Any CPU.Build.0 = Release|Any CPU
		{1E74F8AE-DE76-4C25-8F37-24C35F8769A2}.Release|ARM.ActiveCfg = Release|Any CPU
		{1E74F8AE-DE76-4C25-8F37-24C35F8769A2}.Release|ARM.Build.0 = Release|Any CPU
		{1E74F8AE-DE76-4C25-8F37-24C35F8769A2}.Release|x64.ActiveCfg = Release|Any CPU
		{1E74F8AE-DE76-4C25-8F37-24C35F8769A2}.Release|x64.Build.0 = Release|Any CPU
		{1E74F8AE-DE76-4C25-8F37-24C35F8769A2}.Release|x86.ActiveCfg = Release|Any CPU
		{1E74F8AE-DE76-4C25-8F37-24C35F8769A2}.Release|x86.Build.0 = Release|Any CPU
		{C8B65D9C-7F35-4A5B-91FE-D5A21589E9A3}.Debug|Any CPU.ActiveCfg = Debug|Any CPU
		{C8B65D9C-7F35-4A5B-91FE-D5A21589E9A3}.Debug|Any CPU.Build.0 = Debug|Any CPU
		{C8B65D9C-7F35-4A5B-91FE-D5A21589E9A3}.Debug|ARM.ActiveCfg = Debug|Any CPU
		{C8B65D9C-7F35-4A5B-91FE-D5A21589E9A3}.Debug|ARM.Build.0 = Debug|Any CPU
		{C8B65D9C-7F35-4A5B-91FE-D5A21589E9A3}.Debug|x64.ActiveCfg = Debug|Any CPU
		{C8B65D9C-7F35-4A5B-91FE-D5A21589E9A3}.Debug|x64.Build.0 = Debug|Any CPU
		{C8B65D9C-7F35-4A5B-91FE-D5A21589E9A3}.Debug|x86.ActiveCfg = Debug|Any CPU
		{C8B65D9C-7F35-4A5B-91FE-D5A21589E9A3}.Debug|x86.Build.0 = Debug|Any CPU
		{C8B65D9C-7F35-4A5B-91FE-D5A21589E9A3}.Release|Any CPU.ActiveCfg = Release|Any CPU
		{C8B65D9C-7F35-4A5B-91FE-D5A21589E9A3}.Release|Any CPU.Build.0 = Release|Any CPU
		{C8B65D9C-7F35-4A5B-91FE-D5A21589E9A3}.Release|ARM.ActiveCfg = Release|Any CPU
		{C8B65D9C-7F35-4A5B-91FE-D5A21589E9A3}.Release|ARM.Build.0 = Release|Any CPU
		{C8B65D9C-7F35-4A5B-91FE-D5A21589E9A3}.Release|x64.ActiveCfg = Release|Any CPU
		{C8B65D9C-7F35-4A5B-91FE-D5A21589E9A3}.Release|x64.Build.0 = Release|Any CPU
		{C8B65D9C-7F35-4A5B-91FE-D5A21589E9A3}.Release|x86.ActiveCfg = Release|Any CPU
		{C8B65D9C-7F35-4A5B-91FE-D5A21589E9A3}.Release|x86.Build.0 = Release|Any CPU
		{B705CC40-F867-41B5-976F-C6721D9EA84E}.Debug|Any CPU.ActiveCfg = Debug|Any CPU
		{B705CC40-F867-41B5-976F-C6721D9EA84E}.Debug|Any CPU.Build.0 = Debug|Any CPU
		{B705CC40-F867-41B5-976F-C6721D9EA84E}.Debug|ARM.ActiveCfg = Debug|Any CPU
		{B705CC40-F867-41B5-976F-C6721D9EA84E}.Debug|ARM.Build.0 = Debug|Any CPU
		{B705CC40-F867-41B5-976F-C6721D9EA84E}.Debug|x64.ActiveCfg = Debug|Any CPU
		{B705CC40-F867-41B5-976F-C6721D9EA84E}.Debug|x64.Build.0 = Debug|Any CPU
		{B705CC40-F867-41B5-976F-C6721D9EA84E}.Debug|x86.ActiveCfg = Debug|Any CPU
		{B705CC40-F867-41B5-976F-C6721D9EA84E}.Debug|x86.Build.0 = Debug|Any CPU
		{B705CC40-F867-41B5-976F-C6721D9EA84E}.Release|Any CPU.ActiveCfg = Release|Any CPU
		{B705CC40-F867-41B5-976F-C6721D9EA84E}.Release|Any CPU.Build.0 = Release|Any CPU
		{B705CC40-F867-41B5-976F-C6721D9EA84E}.Release|ARM.ActiveCfg = Release|Any CPU
		{B705CC40-F867-41B5-976F-C6721D9EA84E}.Release|ARM.Build.0 = Release|Any CPU
		{B705CC40-F867-41B5-976F-C6721D9EA84E}.Release|x64.ActiveCfg = Release|Any CPU
		{B705CC40-F867-41B5-976F-C6721D9EA84E}.Release|x64.Build.0 = Release|Any CPU
		{B705CC40-F867-41B5-976F-C6721D9EA84E}.Release|x86.ActiveCfg = Release|Any CPU
		{B705CC40-F867-41B5-976F-C6721D9EA84E}.Release|x86.Build.0 = Release|Any CPU
		{0CF676D3-8FDE-4ECB-B751-76BEF409CDF3}.Debug|Any CPU.ActiveCfg = Debug|x86
		{0CF676D3-8FDE-4ECB-B751-76BEF409CDF3}.Debug|ARM.ActiveCfg = Debug|ARM
		{0CF676D3-8FDE-4ECB-B751-76BEF409CDF3}.Debug|ARM.Build.0 = Debug|ARM
		{0CF676D3-8FDE-4ECB-B751-76BEF409CDF3}.Debug|ARM.Deploy.0 = Debug|ARM
		{0CF676D3-8FDE-4ECB-B751-76BEF409CDF3}.Debug|x64.ActiveCfg = Debug|x64
		{0CF676D3-8FDE-4ECB-B751-76BEF409CDF3}.Debug|x64.Build.0 = Debug|x64
		{0CF676D3-8FDE-4ECB-B751-76BEF409CDF3}.Debug|x64.Deploy.0 = Debug|x64
		{0CF676D3-8FDE-4ECB-B751-76BEF409CDF3}.Debug|x86.ActiveCfg = Debug|x86
		{0CF676D3-8FDE-4ECB-B751-76BEF409CDF3}.Debug|x86.Build.0 = Debug|x86
		{0CF676D3-8FDE-4ECB-B751-76BEF409CDF3}.Debug|x86.Deploy.0 = Debug|x86
		{0CF676D3-8FDE-4ECB-B751-76BEF409CDF3}.Release|Any CPU.ActiveCfg = Release|x86
		{0CF676D3-8FDE-4ECB-B751-76BEF409CDF3}.Release|ARM.ActiveCfg = Release|ARM
		{0CF676D3-8FDE-4ECB-B751-76BEF409CDF3}.Release|ARM.Build.0 = Release|ARM
		{0CF676D3-8FDE-4ECB-B751-76BEF409CDF3}.Release|ARM.Deploy.0 = Release|ARM
		{0CF676D3-8FDE-4ECB-B751-76BEF409CDF3}.Release|x64.ActiveCfg = Release|x64
		{0CF676D3-8FDE-4ECB-B751-76BEF409CDF3}.Release|x64.Build.0 = Release|x64
		{0CF676D3-8FDE-4ECB-B751-76BEF409CDF3}.Release|x64.Deploy.0 = Release|x64
		{0CF676D3-8FDE-4ECB-B751-76BEF409CDF3}.Release|x86.ActiveCfg = Release|x86
		{0CF676D3-8FDE-4ECB-B751-76BEF409CDF3}.Release|x86.Build.0 = Release|x86
		{0CF676D3-8FDE-4ECB-B751-76BEF409CDF3}.Release|x86.Deploy.0 = Release|x86
		{68868491-D48A-43A2-BF51-5A99B5295FE6}.Debug|Any CPU.ActiveCfg = Debug|Any CPU
		{68868491-D48A-43A2-BF51-5A99B5295FE6}.Debug|Any CPU.Build.0 = Debug|Any CPU
		{68868491-D48A-43A2-BF51-5A99B5295FE6}.Debug|ARM.ActiveCfg = Debug|Any CPU
		{68868491-D48A-43A2-BF51-5A99B5295FE6}.Debug|ARM.Build.0 = Debug|Any CPU
		{68868491-D48A-43A2-BF51-5A99B5295FE6}.Debug|x64.ActiveCfg = Debug|Any CPU
		{68868491-D48A-43A2-BF51-5A99B5295FE6}.Debug|x64.Build.0 = Debug|Any CPU
		{68868491-D48A-43A2-BF51-5A99B5295FE6}.Debug|x86.ActiveCfg = Debug|Any CPU
		{68868491-D48A-43A2-BF51-5A99B5295FE6}.Debug|x86.Build.0 = Debug|Any CPU
		{68868491-D48A-43A2-BF51-5A99B5295FE6}.Release|Any CPU.ActiveCfg = Release|Any CPU
		{68868491-D48A-43A2-BF51-5A99B5295FE6}.Release|Any CPU.Build.0 = Release|Any CPU
		{68868491-D48A-43A2-BF51-5A99B5295FE6}.Release|ARM.ActiveCfg = Release|Any CPU
		{68868491-D48A-43A2-BF51-5A99B5295FE6}.Release|ARM.Build.0 = Release|Any CPU
		{68868491-D48A-43A2-BF51-5A99B5295FE6}.Release|x64.ActiveCfg = Release|Any CPU
		{68868491-D48A-43A2-BF51-5A99B5295FE6}.Release|x64.Build.0 = Release|Any CPU
		{68868491-D48A-43A2-BF51-5A99B5295FE6}.Release|x86.ActiveCfg = Release|Any CPU
		{68868491-D48A-43A2-BF51-5A99B5295FE6}.Release|x86.Build.0 = Release|Any CPU
		{34BA16A9-700E-489F-A9BC-F4A9EEACF4E2}.Debug|Any CPU.ActiveCfg = Debug|Any CPU
		{34BA16A9-700E-489F-A9BC-F4A9EEACF4E2}.Debug|Any CPU.Build.0 = Debug|Any CPU
		{34BA16A9-700E-489F-A9BC-F4A9EEACF4E2}.Debug|ARM.ActiveCfg = Debug|ARM
		{34BA16A9-700E-489F-A9BC-F4A9EEACF4E2}.Debug|ARM.Build.0 = Debug|ARM
		{34BA16A9-700E-489F-A9BC-F4A9EEACF4E2}.Debug|x64.ActiveCfg = Debug|x64
		{34BA16A9-700E-489F-A9BC-F4A9EEACF4E2}.Debug|x64.Build.0 = Debug|x64
		{34BA16A9-700E-489F-A9BC-F4A9EEACF4E2}.Debug|x86.ActiveCfg = Debug|x86
		{34BA16A9-700E-489F-A9BC-F4A9EEACF4E2}.Debug|x86.Build.0 = Debug|x86
		{34BA16A9-700E-489F-A9BC-F4A9EEACF4E2}.Release|Any CPU.ActiveCfg = Release|Any CPU
		{34BA16A9-700E-489F-A9BC-F4A9EEACF4E2}.Release|Any CPU.Build.0 = Release|Any CPU
		{34BA16A9-700E-489F-A9BC-F4A9EEACF4E2}.Release|ARM.ActiveCfg = Release|ARM
		{34BA16A9-700E-489F-A9BC-F4A9EEACF4E2}.Release|ARM.Build.0 = Release|ARM
		{34BA16A9-700E-489F-A9BC-F4A9EEACF4E2}.Release|x64.ActiveCfg = Release|x64
		{34BA16A9-700E-489F-A9BC-F4A9EEACF4E2}.Release|x64.Build.0 = Release|x64
		{34BA16A9-700E-489F-A9BC-F4A9EEACF4E2}.Release|x86.ActiveCfg = Release|x86
		{34BA16A9-700E-489F-A9BC-F4A9EEACF4E2}.Release|x86.Build.0 = Release|x86
		{0DF10E99-7DF5-416D-BDE8-F491874FC488}.Debug|Any CPU.ActiveCfg = Debug|Any CPU
		{0DF10E99-7DF5-416D-BDE8-F491874FC488}.Debug|Any CPU.Build.0 = Debug|Any CPU
		{0DF10E99-7DF5-416D-BDE8-F491874FC488}.Debug|ARM.ActiveCfg = Debug|Any CPU
		{0DF10E99-7DF5-416D-BDE8-F491874FC488}.Debug|ARM.Build.0 = Debug|Any CPU
		{0DF10E99-7DF5-416D-BDE8-F491874FC488}.Debug|x64.ActiveCfg = Debug|Any CPU
		{0DF10E99-7DF5-416D-BDE8-F491874FC488}.Debug|x64.Build.0 = Debug|Any CPU
		{0DF10E99-7DF5-416D-BDE8-F491874FC488}.Debug|x86.ActiveCfg = Debug|Any CPU
		{0DF10E99-7DF5-416D-BDE8-F491874FC488}.Debug|x86.Build.0 = Debug|Any CPU
		{0DF10E99-7DF5-416D-BDE8-F491874FC488}.Release|Any CPU.ActiveCfg = Release|Any CPU
		{0DF10E99-7DF5-416D-BDE8-F491874FC488}.Release|Any CPU.Build.0 = Release|Any CPU
		{0DF10E99-7DF5-416D-BDE8-F491874FC488}.Release|ARM.ActiveCfg = Release|Any CPU
		{0DF10E99-7DF5-416D-BDE8-F491874FC488}.Release|ARM.Build.0 = Release|Any CPU
		{0DF10E99-7DF5-416D-BDE8-F491874FC488}.Release|x64.ActiveCfg = Release|Any CPU
		{0DF10E99-7DF5-416D-BDE8-F491874FC488}.Release|x64.Build.0 = Release|Any CPU
		{0DF10E99-7DF5-416D-BDE8-F491874FC488}.Release|x86.ActiveCfg = Release|Any CPU
		{0DF10E99-7DF5-416D-BDE8-F491874FC488}.Release|x86.Build.0 = Release|Any CPU
		{E1677335-7697-475C-9A17-3CBF4E74BC38}.Debug|Any CPU.ActiveCfg = Debug|Any CPU
		{E1677335-7697-475C-9A17-3CBF4E74BC38}.Debug|Any CPU.Build.0 = Debug|Any CPU
		{E1677335-7697-475C-9A17-3CBF4E74BC38}.Debug|ARM.ActiveCfg = Debug|Any CPU
		{E1677335-7697-475C-9A17-3CBF4E74BC38}.Debug|ARM.Build.0 = Debug|Any CPU
		{E1677335-7697-475C-9A17-3CBF4E74BC38}.Debug|x64.ActiveCfg = Debug|Any CPU
		{E1677335-7697-475C-9A17-3CBF4E74BC38}.Debug|x64.Build.0 = Debug|Any CPU
		{E1677335-7697-475C-9A17-3CBF4E74BC38}.Debug|x86.ActiveCfg = Debug|Any CPU
		{E1677335-7697-475C-9A17-3CBF4E74BC38}.Debug|x86.Build.0 = Debug|Any CPU
		{E1677335-7697-475C-9A17-3CBF4E74BC38}.Release|Any CPU.ActiveCfg = Release|Any CPU
		{E1677335-7697-475C-9A17-3CBF4E74BC38}.Release|Any CPU.Build.0 = Release|Any CPU
		{E1677335-7697-475C-9A17-3CBF4E74BC38}.Release|ARM.ActiveCfg = Release|Any CPU
		{E1677335-7697-475C-9A17-3CBF4E74BC38}.Release|ARM.Build.0 = Release|Any CPU
		{E1677335-7697-475C-9A17-3CBF4E74BC38}.Release|x64.ActiveCfg = Release|Any CPU
		{E1677335-7697-475C-9A17-3CBF4E74BC38}.Release|x64.Build.0 = Release|Any CPU
		{E1677335-7697-475C-9A17-3CBF4E74BC38}.Release|x86.ActiveCfg = Release|Any CPU
		{E1677335-7697-475C-9A17-3CBF4E74BC38}.Release|x86.Build.0 = Release|Any CPU
		{038A8389-6114-42FD-8494-AF7CF55C6D2E}.Debug|Any CPU.ActiveCfg = Debug|Any CPU
		{038A8389-6114-42FD-8494-AF7CF55C6D2E}.Debug|Any CPU.Build.0 = Debug|Any CPU
		{038A8389-6114-42FD-8494-AF7CF55C6D2E}.Debug|ARM.ActiveCfg = Debug|Any CPU
		{038A8389-6114-42FD-8494-AF7CF55C6D2E}.Debug|ARM.Build.0 = Debug|Any CPU
		{038A8389-6114-42FD-8494-AF7CF55C6D2E}.Debug|x64.ActiveCfg = Debug|Any CPU
		{038A8389-6114-42FD-8494-AF7CF55C6D2E}.Debug|x64.Build.0 = Debug|Any CPU
		{038A8389-6114-42FD-8494-AF7CF55C6D2E}.Debug|x86.ActiveCfg = Debug|Any CPU
		{038A8389-6114-42FD-8494-AF7CF55C6D2E}.Debug|x86.Build.0 = Debug|Any CPU
		{038A8389-6114-42FD-8494-AF7CF55C6D2E}.Release|Any CPU.ActiveCfg = Release|Any CPU
		{038A8389-6114-42FD-8494-AF7CF55C6D2E}.Release|Any CPU.Build.0 = Release|Any CPU
		{038A8389-6114-42FD-8494-AF7CF55C6D2E}.Release|ARM.ActiveCfg = Release|Any CPU
		{038A8389-6114-42FD-8494-AF7CF55C6D2E}.Release|ARM.Build.0 = Release|Any CPU
		{038A8389-6114-42FD-8494-AF7CF55C6D2E}.Release|x64.ActiveCfg = Release|Any CPU
		{038A8389-6114-42FD-8494-AF7CF55C6D2E}.Release|x64.Build.0 = Release|Any CPU
		{038A8389-6114-42FD-8494-AF7CF55C6D2E}.Release|x86.ActiveCfg = Release|Any CPU
		{038A8389-6114-42FD-8494-AF7CF55C6D2E}.Release|x86.Build.0 = Release|Any CPU
		{AA5215B0-98CE-4DF0-8184-677E92827D28}.Debug|Any CPU.ActiveCfg = Debug|Any CPU
		{AA5215B0-98CE-4DF0-8184-677E92827D28}.Debug|Any CPU.Build.0 = Debug|Any CPU
		{AA5215B0-98CE-4DF0-8184-677E92827D28}.Debug|ARM.ActiveCfg = Debug|Any CPU
		{AA5215B0-98CE-4DF0-8184-677E92827D28}.Debug|ARM.Build.0 = Debug|Any CPU
		{AA5215B0-98CE-4DF0-8184-677E92827D28}.Debug|x64.ActiveCfg = Debug|Any CPU
		{AA5215B0-98CE-4DF0-8184-677E92827D28}.Debug|x64.Build.0 = Debug|Any CPU
		{AA5215B0-98CE-4DF0-8184-677E92827D28}.Debug|x86.ActiveCfg = Debug|Any CPU
		{AA5215B0-98CE-4DF0-8184-677E92827D28}.Debug|x86.Build.0 = Debug|Any CPU
		{AA5215B0-98CE-4DF0-8184-677E92827D28}.Release|Any CPU.ActiveCfg = Release|Any CPU
		{AA5215B0-98CE-4DF0-8184-677E92827D28}.Release|Any CPU.Build.0 = Release|Any CPU
		{AA5215B0-98CE-4DF0-8184-677E92827D28}.Release|ARM.ActiveCfg = Release|Any CPU
		{AA5215B0-98CE-4DF0-8184-677E92827D28}.Release|ARM.Build.0 = Release|Any CPU
		{AA5215B0-98CE-4DF0-8184-677E92827D28}.Release|x64.ActiveCfg = Release|Any CPU
		{AA5215B0-98CE-4DF0-8184-677E92827D28}.Release|x64.Build.0 = Release|Any CPU
		{AA5215B0-98CE-4DF0-8184-677E92827D28}.Release|x86.ActiveCfg = Release|Any CPU
		{AA5215B0-98CE-4DF0-8184-677E92827D28}.Release|x86.Build.0 = Release|Any CPU
		{B25C517D-BD43-4D17-9A77-251238556C1C}.Debug|Any CPU.ActiveCfg = Debug|Any CPU
		{B25C517D-BD43-4D17-9A77-251238556C1C}.Debug|Any CPU.Build.0 = Debug|Any CPU
		{B25C517D-BD43-4D17-9A77-251238556C1C}.Debug|ARM.ActiveCfg = Debug|Any CPU
		{B25C517D-BD43-4D17-9A77-251238556C1C}.Debug|ARM.Build.0 = Debug|Any CPU
		{B25C517D-BD43-4D17-9A77-251238556C1C}.Debug|x64.ActiveCfg = Debug|Any CPU
		{B25C517D-BD43-4D17-9A77-251238556C1C}.Debug|x64.Build.0 = Debug|Any CPU
		{B25C517D-BD43-4D17-9A77-251238556C1C}.Debug|x86.ActiveCfg = Debug|Any CPU
		{B25C517D-BD43-4D17-9A77-251238556C1C}.Debug|x86.Build.0 = Debug|Any CPU
		{B25C517D-BD43-4D17-9A77-251238556C1C}.Release|Any CPU.ActiveCfg = Release|Any CPU
		{B25C517D-BD43-4D17-9A77-251238556C1C}.Release|Any CPU.Build.0 = Release|Any CPU
		{B25C517D-BD43-4D17-9A77-251238556C1C}.Release|ARM.ActiveCfg = Release|Any CPU
		{B25C517D-BD43-4D17-9A77-251238556C1C}.Release|ARM.Build.0 = Release|Any CPU
		{B25C517D-BD43-4D17-9A77-251238556C1C}.Release|x64.ActiveCfg = Release|Any CPU
		{B25C517D-BD43-4D17-9A77-251238556C1C}.Release|x64.Build.0 = Release|Any CPU
		{B25C517D-BD43-4D17-9A77-251238556C1C}.Release|x86.ActiveCfg = Release|Any CPU
		{B25C517D-BD43-4D17-9A77-251238556C1C}.Release|x86.Build.0 = Release|Any CPU
	EndGlobalSection
	GlobalSection(SolutionProperties) = preSolution
		HideSolutionNode = FALSE
	EndGlobalSection
	GlobalSection(ExtensibilityGlobals) = postSolution
		SolutionGuid = {467366A5-DCFF-4389-A7C8-FC2E947AC32A}
	EndGlobalSection
EndGlobal
